// !$*UTF8*$!
{
	archiveVersion = 1;
	classes = {
	};
	objectVersion = 50;
	objects = {

/* Begin PBXBuildFile section */
		D71CAAF427525306004EE906 /* CoreDataManager.swift in Sources */ = {isa = PBXBuildFile; fileRef = D71CAAF327525306004EE906 /* CoreDataManager.swift */; };
		D71CAAF927527829004EE906 /* AlertController.swift in Sources */ = {isa = PBXBuildFile; fileRef = D71CAAF827527829004EE906 /* AlertController.swift */; };
		D7F9159327501C8000E2D1B8 /* AppDelegate.swift in Sources */ = {isa = PBXBuildFile; fileRef = D7F9159227501C8000E2D1B8 /* AppDelegate.swift */; };
		D7F9159D27501C8000E2D1B8 /* RE_CoreData.xcdatamodeld in Sources */ = {isa = PBXBuildFile; fileRef = D7F9159B27501C8000E2D1B8 /* RE_CoreData.xcdatamodeld */; };
		D7F9159F27501C9100E2D1B8 /* Assets.xcassets in Resources */ = {isa = PBXBuildFile; fileRef = D7F9159E27501C9100E2D1B8 /* Assets.xcassets */; };
		D7F915AF2750223800E2D1B8 /* TaskListViewController.swift in Sources */ = {isa = PBXBuildFile; fileRef = D7F915AE2750223800E2D1B8 /* TaskListViewController.swift */; };
/* End PBXBuildFile section */

/* Begin PBXFileReference section */
		D71CAAF327525306004EE906 /* CoreDataManager.swift */ = {isa = PBXFileReference; lastKnownFileType = sourcecode.swift; path = CoreDataManager.swift; sourceTree = "<group>"; };
		D71CAAF827527829004EE906 /* AlertController.swift */ = {isa = PBXFileReference; lastKnownFileType = sourcecode.swift; path = AlertController.swift; sourceTree = "<group>"; };
		D7F9158F27501C8000E2D1B8 /* RE_CoreData.app */ = {isa = PBXFileReference; explicitFileType = wrapper.application; includeInIndex = 0; path = RE_CoreData.app; sourceTree = BUILT_PRODUCTS_DIR; };
		D7F9159227501C8000E2D1B8 /* AppDelegate.swift */ = {isa = PBXFileReference; lastKnownFileType = sourcecode.swift; path = AppDelegate.swift; sourceTree = "<group>"; };
		D7F9159C27501C8000E2D1B8 /* RE_CoreData.xcdatamodel */ = {isa = PBXFileReference; lastKnownFileType = wrapper.xcdatamodel; path = RE_CoreData.xcdatamodel; sourceTree = "<group>"; };
		D7F9159E27501C9100E2D1B8 /* Assets.xcassets */ = {isa = PBXFileReference; lastKnownFileType = folder.assetcatalog; path = Assets.xcassets; sourceTree = "<group>"; };
		D7F915A327501C9100E2D1B8 /* Info.plist */ = {isa = PBXFileReference; lastKnownFileType = text.plist.xml; path = Info.plist; sourceTree = "<group>"; };
		D7F915AE2750223800E2D1B8 /* TaskListViewController.swift */ = {isa = PBXFileReference; lastKnownFileType = sourcecode.swift; path = TaskListViewController.swift; sourceTree = "<group>"; };
/* End PBXFileReference section */

/* Begin PBXFrameworksBuildPhase section */
		D7F9158C27501C8000E2D1B8 /* Frameworks */ = {
			isa = PBXFrameworksBuildPhase;
			buildActionMask = 2147483647;
			files = (
			);
			runOnlyForDeploymentPostprocessing = 0;
		};
/* End PBXFrameworksBuildPhase section */

/* Begin PBXGroup section */
		D71CAAFC27527D49004EE906 /* ViewControllers */ = {
			isa = PBXGroup;
			children = (
				D7F915AE2750223800E2D1B8 /* TaskListViewController.swift */,
				D71CAAF827527829004EE906 /* AlertController.swift */,
			);
			path = ViewControllers;
			sourceTree = "<group>";
		};
		D71CAAFF27527D5F004EE906 /* Managers */ = {
			isa = PBXGroup;
			children = (
				D71CAAF327525306004EE906 /* CoreDataManager.swift */,
			);
			path = Managers;
			sourceTree = "<group>";
		};
		D71CAB0327527E28004EE906 /* Resources */ = {
			isa = PBXGroup;
			children = (
				D7F9159E27501C9100E2D1B8 /* Assets.xcassets */,
			);
			path = Resources;
			sourceTree = "<group>";
		};
		D71CAB0427527E3F004EE906 /* Model */ = {
			isa = PBXGroup;
			children = (
				D7F9159B27501C8000E2D1B8 /* RE_CoreData.xcdatamodeld */,
			);
			path = Model;
			sourceTree = "<group>";
		};
		D71CAB0627527E7B004EE906 /* Supports */ = {
			isa = PBXGroup;
			children = (
				D7F9159227501C8000E2D1B8 /* AppDelegate.swift */,
			);
			path = Supports;
			sourceTree = "<group>";
		};
		D7F9158627501C8000E2D1B8 = {
			isa = PBXGroup;
			children = (
				D7F9159127501C8000E2D1B8 /* RE_CoreData */,
				D7F9159027501C8000E2D1B8 /* Products */,
			);
			sourceTree = "<group>";
		};
		D7F9159027501C8000E2D1B8 /* Products */ = {
			isa = PBXGroup;
			children = (
				D7F9158F27501C8000E2D1B8 /* RE_CoreData.app */,
			);
			name = Products;
			sourceTree = "<group>";
		};
		D7F9159127501C8000E2D1B8 /* RE_CoreData */ = {
			isa = PBXGroup;
			children = (
				D71CAB0627527E7B004EE906 /* Supports */,
				D71CAAFC27527D49004EE906 /* ViewControllers */,
				D71CAAFF27527D5F004EE906 /* Managers */,
				D71CAB0427527E3F004EE906 /* Model */,
				D71CAB0327527E28004EE906 /* Resources */,
				D7F915A327501C9100E2D1B8 /* Info.plist */,
			);
			path = RE_CoreData;
			sourceTree = "<group>";
		};
/* End PBXGroup section */

/* Begin PBXNativeTarget section */
		D7F9158E27501C8000E2D1B8 /* RE_CoreData */ = {
			isa = PBXNativeTarget;
			buildConfigurationList = D7F915A627501C9100E2D1B8 /* Build configuration list for PBXNativeTarget "RE_CoreData" */;
			buildPhases = (
				D7F9158B27501C8000E2D1B8 /* Sources */,
				D7F9158C27501C8000E2D1B8 /* Frameworks */,
				D7F9158D27501C8000E2D1B8 /* Resources */,
			);
			buildRules = (
			);
			dependencies = (
			);
			name = RE_CoreData;
			productName = RE_CoreData;
			productReference = D7F9158F27501C8000E2D1B8 /* RE_CoreData.app */;
			productType = "com.apple.product-type.application";
		};
/* End PBXNativeTarget section */

/* Begin PBXProject section */
		D7F9158727501C8000E2D1B8 /* Project object */ = {
			isa = PBXProject;
			attributes = {
				LastSwiftUpdateCheck = 1240;
				LastUpgradeCheck = 1240;
				TargetAttributes = {
					D7F9158E27501C8000E2D1B8 = {
						CreatedOnToolsVersion = 12.4;
					};
				};
			};
			buildConfigurationList = D7F9158A27501C8000E2D1B8 /* Build configuration list for PBXProject "RE_CoreData" */;
			compatibilityVersion = "Xcode 9.3";
			developmentRegion = en;
			hasScannedForEncodings = 0;
			knownRegions = (
				en,
				Base,
			);
			mainGroup = D7F9158627501C8000E2D1B8;
			productRefGroup = D7F9159027501C8000E2D1B8 /* Products */;
			projectDirPath = "";
			projectRoot = "";
			targets = (
				D7F9158E27501C8000E2D1B8 /* RE_CoreData */,
			);
		};
/* End PBXProject section */

/* Begin PBXResourcesBuildPhase section */
		D7F9158D27501C8000E2D1B8 /* Resources */ = {
			isa = PBXResourcesBuildPhase;
			buildActionMask = 2147483647;
			files = (
				D7F9159F27501C9100E2D1B8 /* Assets.xcassets in Resources */,
			);
			runOnlyForDeploymentPostprocessing = 0;
		};
/* End PBXResourcesBuildPhase section */

/* Begin PBXSourcesBuildPhase section */
		D7F9158B27501C8000E2D1B8 /* Sources */ = {
			isa = PBXSourcesBuildPhase;
			buildActionMask = 2147483647;
			files = (
				D7F9159D27501C8000E2D1B8 /* RE_CoreData.xcdatamodeld in Sources */,
				D7F915AF2750223800E2D1B8 /* TaskListViewController.swift in Sources */,
				D71CAAF427525306004EE906 /* CoreDataManager.swift in Sources */,
				D71CAAF927527829004EE906 /* AlertController.swift in Sources */,
				D7F9159327501C8000E2D1B8 /* AppDelegate.swift in Sources */,
			);
			runOnlyForDeploymentPostprocessing = 0;
		};
/* End PBXSourcesBuildPhase section */

/* Begin XCBuildConfiguration section */
		D7F915A427501C9100E2D1B8 /* Debug */ = {
			isa = XCBuildConfiguration;
			buildSettings = {
				ALWAYS_SEARCH_USER_PATHS = NO;
				CLANG_ANALYZER_NONNULL = YES;
				CLANG_ANALYZER_NUMBER_OBJECT_CONVERSION = YES_AGGRESSIVE;
				CLANG_CXX_LANGUAGE_STANDARD = "gnu++14";
				CLANG_CXX_LIBRARY = "libc++";
				CLANG_ENABLE_MODULES = YES;
				CLANG_ENABLE_OBJC_ARC = YES;
				CLANG_ENABLE_OBJC_WEAK = YES;
				CLANG_WARN_BLOCK_CAPTURE_AUTORELEASING = YES;
				CLANG_WARN_BOOL_CONVERSION = YES;
				CLANG_WARN_COMMA = YES;
				CLANG_WARN_CONSTANT_CONVERSION = YES;
				CLANG_WARN_DEPRECATED_OBJC_IMPLEMENTATIONS = YES;
				CLANG_WARN_DIRECT_OBJC_ISA_USAGE = YES_ERROR;
				CLANG_WARN_DOCUMENTATION_COMMENTS = YES;
				CLANG_WARN_EMPTY_BODY = YES;
				CLANG_WARN_ENUM_CONVERSION = YES;
				CLANG_WARN_INFINITE_RECURSION = YES;
				CLANG_WARN_INT_CONVERSION = YES;
				CLANG_WARN_NON_LITERAL_NULL_CONVERSION = YES;
				CLANG_WARN_OBJC_IMPLICIT_RETAIN_SELF = YES;
				CLANG_WARN_OBJC_LITERAL_CONVERSION = YES;
				CLANG_WARN_OBJC_ROOT_CLASS = YES_ERROR;
				CLANG_WARN_QUOTED_INCLUDE_IN_FRAMEWORK_HEADER = YES;
				CLANG_WARN_RANGE_LOOP_ANALYSIS = YES;
				CLANG_WARN_STRICT_PROTOTYPES = YES;
				CLANG_WARN_SUSPICIOUS_MOVE = YES;
				CLANG_WARN_UNGUARDED_AVAILABILITY = YES_AGGRESSIVE;
				CLANG_WARN_UNREACHABLE_CODE = YES;
				CLANG_WARN__DUPLICATE_METHOD_MATCH = YES;
				COPY_PHASE_STRIP = NO;
				DEBUG_INFORMATION_FORMAT = dwarf;
				ENABLE_STRICT_OBJC_MSGSEND = YES;
				ENABLE_TESTABILITY = YES;
				GCC_C_LANGUAGE_STANDARD = gnu11;
				GCC_DYNAMIC_NO_PIC = NO;
				GCC_NO_COMMON_BLOCKS = YES;
				GCC_OPTIMIZATION_LEVEL = 0;
				GCC_PREPROCESSOR_DEFINITIONS = (
					"DEBUG=1",
					"$(inherited)",
				);
				GCC_WARN_64_TO_32_BIT_CONVERSION = YES;
				GCC_WARN_ABOUT_RETURN_TYPE = YES_ERROR;
				GCC_WARN_UNDECLARED_SELECTOR = YES;
				GCC_WARN_UNINITIALIZED_AUTOS = YES_AGGRESSIVE;
				GCC_WARN_UNUSED_FUNCTION = YES;
				GCC_WARN_UNUSED_VARIABLE = YES;
				IPHONEOS_DEPLOYMENT_TARGET = 14.4;
				MTL_ENABLE_DEBUG_INFO = INCLUDE_SOURCE;
				MTL_FAST_MATH = YES;
				ONLY_ACTIVE_ARCH = YES;
				SDKROOT = iphoneos;
				SWIFT_ACTIVE_COMPILATION_CONDITIONS = DEBUG;
				SWIFT_OPTIMIZATION_LEVEL = "-Onone";
			};
			name = Debug;
		};
		D7F915A527501C9100E2D1B8 /* Release */ = {
			isa = XCBuildConfiguration;
			buildSettings = {
				ALWAYS_SEARCH_USER_PATHS = NO;
				CLANG_ANALYZER_NONNULL = YES;
				CLANG_ANALYZER_NUMBER_OBJECT_CONVERSION = YES_AGGRESSIVE;
				CLANG_CXX_LANGUAGE_STANDARD = "gnu++14";
				CLANG_CXX_LIBRARY = "libc++";
				CLANG_ENABLE_MODULES = YES;
				CLANG_ENABLE_OBJC_ARC = YES;
				CLANG_ENABLE_OBJC_WEAK = YES;
				CLANG_WARN_BLOCK_CAPTURE_AUTORELEASING = YES;
				CLANG_WARN_BOOL_CONVERSION = YES;
				CLANG_WARN_COMMA = YES;
				CLANG_WARN_CONSTANT_CONVERSION = YES;
				CLANG_WARN_DEPRECATED_OBJC_IMPLEMENTATIONS = YES;
				CLANG_WARN_DIRECT_OBJC_ISA_USAGE = YES_ERROR;
				CLANG_WARN_DOCUMENTATION_COMMENTS = YES;
				CLANG_WARN_EMPTY_BODY = YES;
				CLANG_WARN_ENUM_CONVERSION = YES;
				CLANG_WARN_INFINITE_RECURSION = YES;
				CLANG_WARN_INT_CONVERSION = YES;
				CLANG_WARN_NON_LITERAL_NULL_CONVERSION = YES;
				CLANG_WARN_OBJC_IMPLICIT_RETAIN_SELF = YES;
				CLANG_WARN_OBJC_LITERAL_CONVERSION = YES;
				CLANG_WARN_OBJC_ROOT_CLASS = YES_ERROR;
				CLANG_WARN_QUOTED_INCLUDE_IN_FRAMEWORK_HEADER = YES;
				CLANG_WARN_RANGE_LOOP_ANALYSIS = YES;
				CLANG_WARN_STRICT_PROTOTYPES = YES;
				CLANG_WARN_SUSPICIOUS_MOVE = YES;
				CLANG_WARN_UNGUARDED_AVAILABILITY = YES_AGGRESSIVE;
				CLANG_WARN_UNREACHABLE_CODE = YES;
				CLANG_WARN__DUPLICATE_METHOD_MATCH = YES;
				COPY_PHASE_STRIP = NO;
				DEBUG_INFORMATION_FORMAT = "dwarf-with-dsym";
				ENABLE_NS_ASSERTIONS = NO;
				ENABLE_STRICT_OBJC_MSGSEND = YES;
				GCC_C_LANGUAGE_STANDARD = gnu11;
				GCC_NO_COMMON_BLOCKS = YES;
				GCC_WARN_64_TO_32_BIT_CONVERSION = YES;
				GCC_WARN_ABOUT_RETURN_TYPE = YES_ERROR;
				GCC_WARN_UNDECLARED_SELECTOR = YES;
				GCC_WARN_UNINITIALIZED_AUTOS = YES_AGGRESSIVE;
				GCC_WARN_UNUSED_FUNCTION = YES;
				GCC_WARN_UNUSED_VARIABLE = YES;
				IPHONEOS_DEPLOYMENT_TARGET = 14.4;
				MTL_ENABLE_DEBUG_INFO = NO;
				MTL_FAST_MATH = YES;
				SDKROOT = iphoneos;
				SWIFT_COMPILATION_MODE = wholemodule;
				SWIFT_OPTIMIZATION_LEVEL = "-O";
				VALIDATE_PRODUCT = YES;
			};
			name = Release;
		};
		D7F915A727501C9100E2D1B8 /* Debug */ = {
			isa = XCBuildConfiguration;
			buildSettings = {
				ASSETCATALOG_COMPILER_APPICON_NAME = AppIcon;
				ASSETCATALOG_COMPILER_GLOBAL_ACCENT_COLOR_NAME = AccentColor;
				CODE_SIGN_STYLE = Automatic;
				DEVELOPMENT_TEAM = 3M9TNH7XM2;
				INFOPLIST_FILE = RE_CoreData/Info.plist;
				LD_RUNPATH_SEARCH_PATHS = (
					"$(inherited)",
					"@executable_path/Frameworks",
				);
				PRODUCT_BUNDLE_IDENTIFIER = "DevDev.RE-CoreData";
				PRODUCT_NAME = "$(TARGET_NAME)";
				SWIFT_VERSION = 5.0;
				TARGETED_DEVICE_FAMILY = "1,2";
			};
			name = Debug;
		};
		D7F915A827501C9100E2D1B8 /* Release */ = {
			isa = XCBuildConfiguration;
			buildSettings = {
				ASSETCATALOG_COMPILER_APPICON_NAME = AppIcon;
				ASSETCATALOG_COMPILER_GLOBAL_ACCENT_COLOR_NAME = AccentColor;
				CODE_SIGN_STYLE = Automatic;
				DEVELOPMENT_TEAM = 3M9TNH7XM2;
				INFOPLIST_FILE = RE_CoreData/Info.plist;
				LD_RUNPATH_SEARCH_PATHS = (
					"$(inherited)",
					"@executable_path/Frameworks",
				);
				PRODUCT_BUNDLE_IDENTIFIER = "DevDev.RE-CoreData";
				PRODUCT_NAME = "$(TARGET_NAME)";
				SWIFT_VERSION = 5.0;
				TARGETED_DEVICE_FAMILY = "1,2";
			};
			name = Release;
		};
/* End XCBuildConfiguration section */

/* Begin XCConfigurationList section */
		D7F9158A27501C8000E2D1B8 /* Build configuration list for PBXProject "RE_CoreData" */ = {
			isa = XCConfigurationList;
			buildConfigurations = (
				D7F915A427501C9100E2D1B8 /* Debug */,
				D7F915A527501C9100E2D1B8 /* Release */,
			);
			defaultConfigurationIsVisible = 0;
			defaultConfigurationName = Release;
		};
		D7F915A627501C9100E2D1B8 /* Build configuration list for PBXNativeTarget "RE_CoreData" */ = {
			isa = XCConfigurationList;
			buildConfigurations = (
				D7F915A727501C9100E2D1B8 /* Debug */,
				D7F915A827501C9100E2D1B8 /* Release */,
			);
			defaultConfigurationIsVisible = 0;
			defaultConfigurationName = Release;
		};
/* End XCConfigurationList section */

/* Begin XCVersionGroup section */
		D7F9159B27501C8000E2D1B8 /* RE_CoreData.xcdatamodeld */ = {
			isa = XCVersionGroup;
			children = (
				D7F9159C27501C8000E2D1B8 /* RE_CoreData.xcdatamodel */,
			);
			currentVersion = D7F9159C27501C8000E2D1B8 /* RE_CoreData.xcdatamodel */;
			path = RE_CoreData.xcdatamodeld;
			sourceTree = "<group>";
			versionGroupType = wrapper.xcdatamodel;
		};
/* End XCVersionGroup section */
	};
	rootObject = D7F9158727501C8000E2D1B8 /* Project object */;
}
